
Microsoft Visual Studio Solution File, Format Version 12.00
# Visual Studio Version 16
VisualStudioVersion = 16.0.32126.315
MinimumVisualStudioVersion = 10.0.40219.1
Project("{6870E480-7721-4708-BFB8-9AE898AA21B3}") = "CbIngresos", "CbIngresos\CbIngresos.smproj", "{23E07EBC-5776-4F00-BA3B-4BBD61940933}"
EndProject
Project("{6870E480-7721-4708-BFB8-9AE898AA21B3}") = "cbHojaPosicion", "cbHojaPosicion\cbHojaPosicion.smproj", "{07962F7F-95EB-4EF3-A28A-DFAE9F0E8074}"
EndProject
Project("{6870E480-7721-4708-BFB8-9AE898AA21B3}") = "cbInformacionHistoricaCaptacionesCartera", "cbInformacionHistoricaCaptacionesCartera\cbInformacionHistoricaCaptacionesCartera.smproj", "{03481E3E-C910-4772-9079-638463BEF42A}"
EndProject
Project("{6870E480-7721-4708-BFB8-9AE898AA21B3}") = "CbMonitorIndicadoresCliente", "CbMonitorIndicadoresCliente\CbMonitorIndicadoresCliente.smproj", "{34E436A9-3A15-49FC-8B16-02814252AB9D}"
EndProject
Project("{6870E480-7721-4708-BFB8-9AE898AA21B3}") = "cbProyectoPMS", "cbProyectoPMS\cbProyectoPMS.smproj", "{065E5329-8656-430A-813A-65E8FA986B69}"
EndProject
Project("{6870E480-7721-4708-BFB8-9AE898AA21B3}") = "CbRentabilidadCliente", "CbRentabilidadCliente\CbRentabilidadCliente.smproj", "{23B15ADC-E7F7-45B7-A128-EEF4E45012F4}"
EndProject
Project("{6870E480-7721-4708-BFB8-9AE898AA21B3}") = "CbSDI", "CbSDI\CbSDI.smproj", "{3849EF47-00BD-43C8-B4DF-D96B030112AB}"
EndProject
Project("{6870E480-7721-4708-BFB8-9AE898AA21B3}") = "cbGestionEstrategica", "cbGestionEstrategica\cbGestionEstrategica.smproj", "{6940225E-B0A1-44EB-88E7-B7EC82F80D6E}"
EndProject
Project("{6870E480-7721-4708-BFB8-9AE898AA21B3}") = "cbMonitorCanales", "CbMonitorCanales\cbMonitorCanales.smproj", "{B36FAD0A-DFA7-4DBE-90E3-6E3C4BEB86D5}"
EndProject
Project("{6870E480-7721-4708-BFB8-9AE898AA21B3}") = "CbBalance", "CbBalance\CbBalance.smproj", "{8CE414BB-95B2-4C99-9E03-51BA72086E22}"
EndProject
Project("{6870E480-7721-4708-BFB8-9AE898AA21B3}") = "cbMonitorCaptaciones", "cbMonitorCaptaciones\cbMonitorCaptaciones.smproj", "{47488A9C-C8B1-4A4F-9636-D5E28226C1E8}"
EndProject
Global
	GlobalSection(SolutionConfigurationPlatforms) = preSolution
		Development|x86 = Development|x86
	EndGlobalSection
	GlobalSection(ProjectConfigurationPlatforms) = postSolution
		{23E07EBC-5776-4F00-BA3B-4BBD61940933}.Development|x86.ActiveCfg = Development|x86
		{23E07EBC-5776-4F00-BA3B-4BBD61940933}.Development|x86.Build.0 = Development|x86
		{23E07EBC-5776-4F00-BA3B-4BBD61940933}.Development|x86.Deploy.0 = Development|x86
		{07962F7F-95EB-4EF3-A28A-DFAE9F0E8074}.Development|x86.ActiveCfg = Development|x86
		{07962F7F-95EB-4EF3-A28A-DFAE9F0E8074}.Development|x86.Build.0 = Development|x86
		{07962F7F-95EB-4EF3-A28A-DFAE9F0E8074}.Development|x86.Deploy.0 = Development|x86
		{03481E3E-C910-4772-9079-638463BEF42A}.Development|x86.ActiveCfg = Development|x86
		{03481E3E-C910-4772-9079-638463BEF42A}.Development|x86.Build.0 = Development|x86
		{03481E3E-C910-4772-9079-638463BEF42A}.Development|x86.Deploy.0 = Development|x86
		{34E436A9-3A15-49FC-8B16-02814252AB9D}.Development|x86.ActiveCfg = Development|x86
		{34E436A9-3A15-49FC-8B16-02814252AB9D}.Development|x86.Build.0 = Development|x86
		{34E436A9-3A15-49FC-8B16-02814252AB9D}.Development|x86.Deploy.0 = Development|x86
		{065E5329-8656-430A-813A-65E8FA986B69}.Development|x86.ActiveCfg = Development|x86
		{065E5329-8656-430A-813A-65E8FA986B69}.Development|x86.Build.0 = Development|x86
		{065E5329-8656-430A-813A-65E8FA986B69}.Development|x86.Deploy.0 = Development|x86
		{23B15ADC-E7F7-45B7-A128-EEF4E45012F4}.Development|x86.ActiveCfg = Development|x86
		{23B15ADC-E7F7-45B7-A128-EEF4E45012F4}.Development|x86.Build.0 = Development|x86
		{23B15ADC-E7F7-45B7-A128-EEF4E45012F4}.Development|x86.Deploy.0 = Development|x86
		{3849EF47-00BD-43C8-B4DF-D96B030112AB}.Development|x86.ActiveCfg = Development|x86
		{3849EF47-00BD-43C8-B4DF-D96B030112AB}.Development|x86.Build.0 = Development|x86
		{3849EF47-00BD-43C8-B4DF-D96B030112AB}.Development|x86.Deploy.0 = Development|x86
		{6940225E-B0A1-44EB-88E7-B7EC82F80D6E}.Development|x86.ActiveCfg = Development|x86
		{6940225E-B0A1-44EB-88E7-B7EC82F80D6E}.Development|x86.Build.0 = Development|x86
		{6940225E-B0A1-44EB-88E7-B7EC82F80D6E}.Development|x86.Deploy.0 = Development|x86
		{B36FAD0A-DFA7-4DBE-90E3-6E3C4BEB86D5}.Development|x86.ActiveCfg = Development|x86
		{B36FAD0A-DFA7-4DBE-90E3-6E3C4BEB86D5}.Development|x86.Build.0 = Development|x86
		{B36FAD0A-DFA7-4DBE-90E3-6E3C4BEB86D5}.Development|x86.Deploy.0 = Development|x86
		{8CE414BB-95B2-4C99-9E03-51BA72086E22}.Development|x86.ActiveCfg = Development|x86
		{8CE414BB-95B2-4C99-9E03-51BA72086E22}.Development|x86.Build.0 = Development|x86
		{8CE414BB-95B2-4C99-9E03-51BA72086E22}.Development|x86.Deploy.0 = Development|x86
		{47488A9C-C8B1-4A4F-9636-D5E28226C1E8}.Development|x86.ActiveCfg = Development|x86
		{47488A9C-C8B1-4A4F-9636-D5E28226C1E8}.Development|x86.Build.0 = Development|x86
		{47488A9C-C8B1-4A4F-9636-D5E28226C1E8}.Development|x86.Deploy.0 = Development|x86
	EndGlobalSection
	GlobalSection(SolutionProperties) = preSolution
		HideSolutionNode = FALSE
	EndGlobalSection
	GlobalSection(ExtensibilityGlobals) = postSolution
		SolutionGuid = {0FA209D4-0D56-414F-91ED-6A005B043A72}
	EndGlobalSection
EndGlobal
