
Microsoft Visual Studio Solution File, Format Version 12.00
# Visual Studio Version 16
VisualStudioVersion = 16.0.32126.315
MinimumVisualStudioVersion = 10.0.40219.1
Project("{6870E480-7721-4708-BFB8-9AE898AA21B3}") = "CbIngresos", "CbIngresos\CbIngresos.smproj", "{3B7AA2A6-6CF5-42A2-8138-A5D01831A2B9}"
EndProject
Project("{6870E480-7721-4708-BFB8-9AE898AA21B3}") = "cbHojaPosicion", "cbHojaPosicion\cbHojaPosicion.smproj", "{C6C3872E-5F67-4E34-A587-C73CF5F42BEA}"
EndProject
Project("{6870E480-7721-4708-BFB8-9AE898AA21B3}") = "CbMonitorIndicadoresCliente", "CbMonitorIndicadoresCliente\CbMonitorIndicadoresCliente.smproj", "{663C17A7-F39F-462E-9F5A-AD8EF3CEDBD5}"
EndProject
Project("{6870E480-7721-4708-BFB8-9AE898AA21B3}") = "cbProyectoPMS", "cbProyectoPMS\cbProyectoPMS.smproj", "{065E5329-8656-430A-813A-65E8FA986B69}"
EndProject
Project("{6870E480-7721-4708-BFB8-9AE898AA21B3}") = "CbRentabilidadCliente", "CbRentabilidadCliente\CbRentabilidadCliente.smproj", "{0D054492-292D-4321-A61C-79163FBB33FF}"
EndProject
Project("{6870E480-7721-4708-BFB8-9AE898AA21B3}") = "CbSDI", "CbSDI\CbSDI.smproj", "{3849EF47-00BD-43C8-B4DF-D96B030112AB}"
EndProject
Project("{6870E480-7721-4708-BFB8-9AE898AA21B3}") = "cbGestionEstrategica", "cbGestionEstrategica\cbGestionEstrategica.smproj", "{9DA33D30-DC1A-4C3A-B89E-401021A90C36}"
EndProject
Project("{6870E480-7721-4708-BFB8-9AE898AA21B3}") = "cbInformacionHistoricaCaptacionesCartera", "cbInformacionHistoricaCaptacionesCartera\cbInformacionHistoricaCaptacionesCartera.smproj", "{3AF0D7D7-95E3-49CA-9C6A-D713DA28F6D0}"
EndProject
Project("{6870E480-7721-4708-BFB8-9AE898AA21B3}") = "CbMonitorCanales", "CbMonitorCanales\CbMonitorCanales.smproj", "{F055FF42-393A-4AC7-A3D2-C4DA3C4B53DA}"
EndProject
Project("{6870E480-7721-4708-BFB8-9AE898AA21B3}") = "cbMonitorCaptaciones", "cbMonitorCaptaciones\cbMonitorCaptaciones.smproj", "{3AF5DD54-3D29-4D19-AAAA-C390D3389F1A}"
EndProject
Project("{6870E480-7721-4708-BFB8-9AE898AA21B3}") = "CbBalance", "CbBalance\CbBalance.smproj", "{80BF058F-3764-4AD4-BCCD-B0ED26A827D3}"
EndProject
Project("{6870E480-7721-4708-BFB8-9AE898AA21B3}") = "cbInformacionRecursosHumanos", "cbInformacionRecursosHumanos\cbInformacionRecursosHumanos.smproj", "{BA4BF0EA-F346-423F-A5AD-70174DF92013}"
EndProject
Global
	GlobalSection(SolutionConfigurationPlatforms) = preSolution
		Development|x86 = Development|x86
	EndGlobalSection
	GlobalSection(ProjectConfigurationPlatforms) = postSolution
		{3B7AA2A6-6CF5-42A2-8138-A5D01831A2B9}.Development|x86.ActiveCfg = Development|x86
		{3B7AA2A6-6CF5-42A2-8138-A5D01831A2B9}.Development|x86.Build.0 = Development|x86
		{3B7AA2A6-6CF5-42A2-8138-A5D01831A2B9}.Development|x86.Deploy.0 = Development|x86
		{C6C3872E-5F67-4E34-A587-C73CF5F42BEA}.Development|x86.ActiveCfg = Development|x86
		{C6C3872E-5F67-4E34-A587-C73CF5F42BEA}.Development|x86.Build.0 = Development|x86
		{C6C3872E-5F67-4E34-A587-C73CF5F42BEA}.Development|x86.Deploy.0 = Development|x86
		{663C17A7-F39F-462E-9F5A-AD8EF3CEDBD5}.Development|x86.ActiveCfg = Development|x86
		{663C17A7-F39F-462E-9F5A-AD8EF3CEDBD5}.Development|x86.Build.0 = Development|x86
		{663C17A7-F39F-462E-9F5A-AD8EF3CEDBD5}.Development|x86.Deploy.0 = Development|x86
		{065E5329-8656-430A-813A-65E8FA986B69}.Development|x86.ActiveCfg = Development|x86
		{065E5329-8656-430A-813A-65E8FA986B69}.Development|x86.Build.0 = Development|x86
		{065E5329-8656-430A-813A-65E8FA986B69}.Development|x86.Deploy.0 = Development|x86
		{0D054492-292D-4321-A61C-79163FBB33FF}.Development|x86.ActiveCfg = Development|x86
		{0D054492-292D-4321-A61C-79163FBB33FF}.Development|x86.Build.0 = Development|x86
		{0D054492-292D-4321-A61C-79163FBB33FF}.Development|x86.Deploy.0 = Development|x86
		{3849EF47-00BD-43C8-B4DF-D96B030112AB}.Development|x86.ActiveCfg = Development|x86
		{3849EF47-00BD-43C8-B4DF-D96B030112AB}.Development|x86.Build.0 = Development|x86
		{3849EF47-00BD-43C8-B4DF-D96B030112AB}.Development|x86.Deploy.0 = Development|x86
		{9DA33D30-DC1A-4C3A-B89E-401021A90C36}.Development|x86.ActiveCfg = Development|x86
		{9DA33D30-DC1A-4C3A-B89E-401021A90C36}.Development|x86.Build.0 = Development|x86
		{9DA33D30-DC1A-4C3A-B89E-401021A90C36}.Development|x86.Deploy.0 = Development|x86
		{3AF0D7D7-95E3-49CA-9C6A-D713DA28F6D0}.Development|x86.ActiveCfg = Development|x86
		{3AF0D7D7-95E3-49CA-9C6A-D713DA28F6D0}.Development|x86.Build.0 = Development|x86
		{3AF0D7D7-95E3-49CA-9C6A-D713DA28F6D0}.Development|x86.Deploy.0 = Development|x86
		{F055FF42-393A-4AC7-A3D2-C4DA3C4B53DA}.Development|x86.ActiveCfg = Development|x86
		{F055FF42-393A-4AC7-A3D2-C4DA3C4B53DA}.Development|x86.Build.0 = Development|x86
		{F055FF42-393A-4AC7-A3D2-C4DA3C4B53DA}.Development|x86.Deploy.0 = Development|x86
		{3AF5DD54-3D29-4D19-AAAA-C390D3389F1A}.Development|x86.ActiveCfg = Development|x86
		{3AF5DD54-3D29-4D19-AAAA-C390D3389F1A}.Development|x86.Build.0 = Development|x86
		{3AF5DD54-3D29-4D19-AAAA-C390D3389F1A}.Development|x86.Deploy.0 = Development|x86
		{80BF058F-3764-4AD4-BCCD-B0ED26A827D3}.Development|x86.ActiveCfg = Development|x86
		{80BF058F-3764-4AD4-BCCD-B0ED26A827D3}.Development|x86.Build.0 = Development|x86
		{80BF058F-3764-4AD4-BCCD-B0ED26A827D3}.Development|x86.Deploy.0 = Development|x86
		{BA4BF0EA-F346-423F-A5AD-70174DF92013}.Development|x86.ActiveCfg = Development|x86
		{BA4BF0EA-F346-423F-A5AD-70174DF92013}.Development|x86.Build.0 = Development|x86
		{BA4BF0EA-F346-423F-A5AD-70174DF92013}.Development|x86.Deploy.0 = Development|x86
	EndGlobalSection
	GlobalSection(SolutionProperties) = preSolution
		HideSolutionNode = FALSE
	EndGlobalSection
	GlobalSection(ExtensibilityGlobals) = postSolution
		SolutionGuid = {0FA209D4-0D56-414F-91ED-6A005B043A72}
	EndGlobalSection
EndGlobal
